
Microsoft Visual Studio Solution File, Format Version 12.00
# Visual Studio 15
VisualStudioVersion = 15.0.27130.2010
MinimumVisualStudioVersion = 10.0.40219.1
Project("{FAE04EC0-301F-11D3-BF4B-00C04F79EFBC}") = "testeGit", "testeGit\testeGit.csproj", "{6AC0FEC0-1AA5-46B8-BC44-38D6ACD3AFA0}"
EndProject
Global
	GlobalSection(SolutionConfigurationPlatforms) = preSolution
		Debug|Any CPU = Debug|Any CPU
		Release|Any CPU = Release|Any CPU
	EndGlobalSection
	GlobalSection(ProjectConfigurationPlatforms) = postSolution
		{6AC0FEC0-1AA5-46B8-BC44-38D6ACD3AFA0}.Debug|Any CPU.ActiveCfg = Debug|Any CPU
		{6AC0FEC0-1AA5-46B8-BC44-38D6ACD3AFA0}.Debug|Any CPU.Build.0 = Debug|Any CPU
		{6AC0FEC0-1AA5-46B8-BC44-38D6ACD3AFA0}.Release|Any CPU.ActiveCfg = Release|Any CPU
		{6AC0FEC0-1AA5-46B8-BC44-38D6ACD3AFA0}.Release|Any CPU.Build.0 = Release|Any CPU
	EndGlobalSection
	GlobalSection(SolutionProperties) = preSolution
		HideSolutionNode = FALSE
	EndGlobalSection
	GlobalSection(ExtensibilityGlobals) = postSolution
		SolutionGuid = {03C332D0-1CF8-4381-B527-1B501354D63E}
	EndGlobalSection
EndGlobal
